
Microsoft Visual Studio Solution File, Format Version 12.00
# Visual Studio Express 2013 for Windows Desktop
VisualStudioVersion = 12.0.31101.0
MinimumVisualStudioVersion = 10.0.40219.1
Project("{FAE04EC0-301F-11D3-BF4B-00C04F79EFBC}") = "OmniEveLoader", "OmniEveLoader\OmniEveLoader.csproj", "{D43F996B-A4D1-42D9-9FD3-AB8B8318E889}"
EndProject
Project("{FAE04EC0-301F-11D3-BF4B-00C04F79EFBC}") = "OmniEveModules", "OmniEveModules\OmniEveModules.csproj", "{4375EE31-2D4B-4F35-AF65-46E7E4F84150}"
EndProject
Project("{FAE04EC0-301F-11D3-BF4B-00C04F79EFBC}") = "OmniEve", "OmniEve\OmniEve.csproj", "{67BFE4C3-7C76-4F67-B331-2C24A9F88BAD}"
EndProject
Project("{FAE04EC0-301F-11D3-BF4B-00C04F79EFBC}") = "OmniEveInjector", "OmniEveInjector\OmniEveInjector.csproj", "{5B988BE2-8E5B-4B04-91DE-1EA55D1908C9}"
EndProject
Project("{FAE04EC0-301F-11D3-BF4B-00C04F79EFBC}") = "OmniEveMarket", "OmniEveMarket\OmniEveMarket.csproj", "{A9BB9492-1EEE-4805-9D97-99BE7B215EB3}"
EndProject
Global
	GlobalSection(SolutionConfigurationPlatforms) = preSolution
		Debug|Any CPU = Debug|Any CPU
		Release|Any CPU = Release|Any CPU
	EndGlobalSection
	GlobalSection(ProjectConfigurationPlatforms) = postSolution
		{D43F996B-A4D1-42D9-9FD3-AB8B8318E889}.Debug|Any CPU.ActiveCfg = Debug|Any CPU
		{D43F996B-A4D1-42D9-9FD3-AB8B8318E889}.Debug|Any CPU.Build.0 = Debug|Any CPU
		{D43F996B-A4D1-42D9-9FD3-AB8B8318E889}.Release|Any CPU.ActiveCfg = Release|Any CPU
		{D43F996B-A4D1-42D9-9FD3-AB8B8318E889}.Release|Any CPU.Build.0 = Release|Any CPU
		{4375EE31-2D4B-4F35-AF65-46E7E4F84150}.Debug|Any CPU.ActiveCfg = Debug|Any CPU
		{4375EE31-2D4B-4F35-AF65-46E7E4F84150}.Debug|Any CPU.Build.0 = Debug|Any CPU
		{4375EE31-2D4B-4F35-AF65-46E7E4F84150}.Release|Any CPU.ActiveCfg = Release|Any CPU
		{4375EE31-2D4B-4F35-AF65-46E7E4F84150}.Release|Any CPU.Build.0 = Release|Any CPU
		{67BFE4C3-7C76-4F67-B331-2C24A9F88BAD}.Debug|Any CPU.ActiveCfg = Debug|Any CPU
		{67BFE4C3-7C76-4F67-B331-2C24A9F88BAD}.Debug|Any CPU.Build.0 = Debug|Any CPU
		{67BFE4C3-7C76-4F67-B331-2C24A9F88BAD}.Release|Any CPU.ActiveCfg = Release|Any CPU
		{67BFE4C3-7C76-4F67-B331-2C24A9F88BAD}.Release|Any CPU.Build.0 = Release|Any CPU
		{5B988BE2-8E5B-4B04-91DE-1EA55D1908C9}.Debug|Any CPU.ActiveCfg = Debug|Any CPU
		{5B988BE2-8E5B-4B04-91DE-1EA55D1908C9}.Debug|Any CPU.Build.0 = Debug|Any CPU
		{5B988BE2-8E5B-4B04-91DE-1EA55D1908C9}.Release|Any CPU.ActiveCfg = Release|Any CPU
		{5B988BE2-8E5B-4B04-91DE-1EA55D1908C9}.Release|Any CPU.Build.0 = Release|Any CPU
		{A9BB9492-1EEE-4805-9D97-99BE7B215EB3}.Debug|Any CPU.ActiveCfg = Debug|Any CPU
		{A9BB9492-1EEE-4805-9D97-99BE7B215EB3}.Debug|Any CPU.Build.0 = Debug|Any CPU
		{A9BB9492-1EEE-4805-9D97-99BE7B215EB3}.Release|Any CPU.ActiveCfg = Release|Any CPU
		{A9BB9492-1EEE-4805-9D97-99BE7B215EB3}.Release|Any CPU.Build.0 = Release|Any CPU
	EndGlobalSection
	GlobalSection(SolutionProperties) = preSolution
		HideSolutionNode = FALSE
	EndGlobalSection
EndGlobal
